
Microsoft Visual Studio Solution File, Format Version 12.00
# Visual Studio Version 17
VisualStudioVersion = 17.6.33829.357
MinimumVisualStudioVersion = 10.0.40219.1
Project("{FAE04EC0-301F-11D3-BF4B-00C04F79EFBC}") = "Oops", "Oops\Oops.csproj", "{DA2C5B51-2D6D-46E7-964E-3C13930BD286}"
EndProject
Global
	GlobalSection(SolutionConfigurationPlatforms) = preSolution
		Debug|Any CPU = Debug|Any CPU
		Release|Any CPU = Release|Any CPU
	EndGlobalSection
	GlobalSection(ProjectConfigurationPlatforms) = postSolution
		{DA2C5B51-2D6D-46E7-964E-3C13930BD286}.Debug|Any CPU.ActiveCfg = Debug|Any CPU
		{DA2C5B51-2D6D-46E7-964E-3C13930BD286}.Debug|Any CPU.Build.0 = Debug|Any CPU
		{DA2C5B51-2D6D-46E7-964E-3C13930BD286}.Release|Any CPU.ActiveCfg = Release|Any CPU
		{DA2C5B51-2D6D-46E7-964E-3C13930BD286}.Release|Any CPU.Build.0 = Release|Any CPU
	EndGlobalSection
	GlobalSection(SolutionProperties) = preSolution
		HideSolutionNode = FALSE
	EndGlobalSection
	GlobalSection(ExtensibilityGlobals) = postSolution
		SolutionGuid = {C299A0DE-AC21-4F05-9AF8-A4EEF6DBC648}
	EndGlobalSection
EndGlobal
