
Microsoft Visual Studio Solution File, Format Version 12.00
# Visual Studio Version 17
VisualStudioVersion = 17.6.33829.357
MinimumVisualStudioVersion = 10.0.40219.1
Project("{FAE04EC0-301F-11D3-BF4B-00C04F79EFBC}") = "ClassandObject", "ClassandObject\ClassandObject.csproj", "{C33FC1CF-A417-472B-A4FE-2C8DC5D0ABF0}"
EndProject
Global
	GlobalSection(SolutionConfigurationPlatforms) = preSolution
		Debug|Any CPU = Debug|Any CPU
		Release|Any CPU = Release|Any CPU
	EndGlobalSection
	GlobalSection(ProjectConfigurationPlatforms) = postSolution
		{C33FC1CF-A417-472B-A4FE-2C8DC5D0ABF0}.Debug|Any CPU.ActiveCfg = Debug|Any CPU
		{C33FC1CF-A417-472B-A4FE-2C8DC5D0ABF0}.Debug|Any CPU.Build.0 = Debug|Any CPU
		{C33FC1CF-A417-472B-A4FE-2C8DC5D0ABF0}.Release|Any CPU.ActiveCfg = Release|Any CPU
		{C33FC1CF-A417-472B-A4FE-2C8DC5D0ABF0}.Release|Any CPU.Build.0 = Release|Any CPU
	EndGlobalSection
	GlobalSection(SolutionProperties) = preSolution
		HideSolutionNode = FALSE
	EndGlobalSection
	GlobalSection(ExtensibilityGlobals) = postSolution
		SolutionGuid = {594AB58C-48B5-44FC-B7F6-A3C14C80563C}
	EndGlobalSection
EndGlobal
